
Microsoft Visual Studio Solution File, Format Version 12.00
# Visual Studio Version 17
VisualStudioVersion = 17.5.33414.496
MinimumVisualStudioVersion = 10.0.40219.1
Project("{8BC9CEB8-8B4A-11D0-8D11-00A0C91BC942}") = "Ntl", "Source\Ntl.vcxproj", "{E18D6B96-0D5E-4BD6-9E39-0E92FA35FF02}"
EndProject
Project("{2150E333-8FDC-42A3-9474-1A3956D46DE8}") = "Examples", "Examples", "{89725EDB-E648-4215-8587-7907CBBBB634}"
EndProject
Project("{2150E333-8FDC-42A3-9474-1A3956D46DE8}") = "Containers", "Containers", "{25E002CF-31A7-4723-A589-F9EDC56A4C25}"
EndProject
Project("{8BC9CEB8-8B4A-11D0-8D11-00A0C91BC942}") = "Ex.HashDict", "Examples\Containers\Ex.HashDict\Ex.HashDict.vcxproj", "{D21C45F6-6478-4882-9887-1EC32914961C}"
	ProjectSection(ProjectDependencies) = postProject
		{E18D6B96-0D5E-4BD6-9E39-0E92FA35FF02} = {E18D6B96-0D5E-4BD6-9E39-0E92FA35FF02}
	EndProjectSection
EndProject
Project("{8BC9CEB8-8B4A-11D0-8D11-00A0C91BC942}") = "Ex.DynamicArray", "Examples\Containers\Ex.DynamicArray\Ex.DynamicArray.vcxproj", "{E36AC26A-C215-45A0-BE3A-BA0C4539E13B}"
	ProjectSection(ProjectDependencies) = postProject
		{E18D6B96-0D5E-4BD6-9E39-0E92FA35FF02} = {E18D6B96-0D5E-4BD6-9E39-0E92FA35FF02}
	EndProjectSection
EndProject
Project("{2150E333-8FDC-42A3-9474-1A3956D46DE8}") = "Functional", "Functional", "{5B72AF78-E27D-481E-9356-D8F74384DCC4}"
EndProject
Project("{8BC9CEB8-8B4A-11D0-8D11-00A0C91BC942}") = "Ex.Function", "Examples\Functional\Ex.Function\Ex.Function.vcxproj", "{9AEB17A4-8CD7-48C3-A4B5-0E5A42883726}"
EndProject
Project("{8BC9CEB8-8B4A-11D0-8D11-00A0C91BC942}") = "Ex.RefWrapper", "Examples\Functional\Ex.RefWrapper\Ex.RefWrapper.vcxproj", "{4BAFC71A-1540-4E34-8C3E-F355DCF06031}"
EndProject
Project("{2150E333-8FDC-42A3-9474-1A3956D46DE8}") = "Misc", "Misc", "{776050F2-E70E-4653-BB03-ACEEA0515CB7}"
EndProject
Project("{8BC9CEB8-8B4A-11D0-8D11-00A0C91BC942}") = "Ex.Optional", "Examples\Misc\Ex.Optional\Ex.Optional.vcxproj", "{62743AB4-E32C-4604-A873-6908818CF102}"
EndProject
Project("{8BC9CEB8-8B4A-11D0-8D11-00A0C91BC942}") = "Ex.Hash", "Examples\Functional\Ex.Hash\Ex.Hash.vcxproj", "{E3C16BDB-03CB-48E4-BCBD-D085E52549C0}"
EndProject
Project("{2150E333-8FDC-42A3-9474-1A3956D46DE8}") = "String", "String", "{F50CC3AA-1AC1-46D8-B1D0-02D2EE35A8C7}"
EndProject
Project("{2150E333-8FDC-42A3-9474-1A3956D46DE8}") = "Algs", "Algs", "{A2E840C1-9E13-42DA-9BC3-640BD6C14136}"
EndProject
Project("{8BC9CEB8-8B4A-11D0-8D11-00A0C91BC942}") = "Ex.Find", "Examples\Algs\Ex.Find\Ex.Find.vcxproj", "{8D2CB24F-B3E2-4AF2-B564-70BF6F55BFB2}"
EndProject
Global
	GlobalSection(SolutionConfigurationPlatforms) = preSolution
		Debug|x64 = Debug|x64
		Debug|x86 = Debug|x86
		Release|x64 = Release|x64
		Release|x86 = Release|x86
	EndGlobalSection
	GlobalSection(ProjectConfigurationPlatforms) = postSolution
		{E18D6B96-0D5E-4BD6-9E39-0E92FA35FF02}.Debug|x64.ActiveCfg = Debug|x64
		{E18D6B96-0D5E-4BD6-9E39-0E92FA35FF02}.Debug|x64.Build.0 = Debug|x64
		{E18D6B96-0D5E-4BD6-9E39-0E92FA35FF02}.Debug|x86.ActiveCfg = Debug|Win32
		{E18D6B96-0D5E-4BD6-9E39-0E92FA35FF02}.Debug|x86.Build.0 = Debug|Win32
		{E18D6B96-0D5E-4BD6-9E39-0E92FA35FF02}.Release|x64.ActiveCfg = Release|x64
		{E18D6B96-0D5E-4BD6-9E39-0E92FA35FF02}.Release|x64.Build.0 = Release|x64
		{E18D6B96-0D5E-4BD6-9E39-0E92FA35FF02}.Release|x86.ActiveCfg = Release|Win32
		{E18D6B96-0D5E-4BD6-9E39-0E92FA35FF02}.Release|x86.Build.0 = Release|Win32
		{D21C45F6-6478-4882-9887-1EC32914961C}.Debug|x64.ActiveCfg = Debug|x64
		{D21C45F6-6478-4882-9887-1EC32914961C}.Debug|x64.Build.0 = Debug|x64
		{D21C45F6-6478-4882-9887-1EC32914961C}.Debug|x86.ActiveCfg = Debug|Win32
		{D21C45F6-6478-4882-9887-1EC32914961C}.Debug|x86.Build.0 = Debug|Win32
		{D21C45F6-6478-4882-9887-1EC32914961C}.Release|x64.ActiveCfg = Release|x64
		{D21C45F6-6478-4882-9887-1EC32914961C}.Release|x64.Build.0 = Release|x64
		{D21C45F6-6478-4882-9887-1EC32914961C}.Release|x86.ActiveCfg = Release|Win32
		{D21C45F6-6478-4882-9887-1EC32914961C}.Release|x86.Build.0 = Release|Win32
		{E36AC26A-C215-45A0-BE3A-BA0C4539E13B}.Debug|x64.ActiveCfg = Debug|x64
		{E36AC26A-C215-45A0-BE3A-BA0C4539E13B}.Debug|x64.Build.0 = Debug|x64
		{E36AC26A-C215-45A0-BE3A-BA0C4539E13B}.Debug|x86.ActiveCfg = Debug|Win32
		{E36AC26A-C215-45A0-BE3A-BA0C4539E13B}.Debug|x86.Build.0 = Debug|Win32
		{E36AC26A-C215-45A0-BE3A-BA0C4539E13B}.Release|x64.ActiveCfg = Release|x64
		{E36AC26A-C215-45A0-BE3A-BA0C4539E13B}.Release|x64.Build.0 = Release|x64
		{E36AC26A-C215-45A0-BE3A-BA0C4539E13B}.Release|x86.ActiveCfg = Release|Win32
		{E36AC26A-C215-45A0-BE3A-BA0C4539E13B}.Release|x86.Build.0 = Release|Win32
		{9AEB17A4-8CD7-48C3-A4B5-0E5A42883726}.Debug|x64.ActiveCfg = Debug|x64
		{9AEB17A4-8CD7-48C3-A4B5-0E5A42883726}.Debug|x64.Build.0 = Debug|x64
		{9AEB17A4-8CD7-48C3-A4B5-0E5A42883726}.Debug|x86.ActiveCfg = Debug|Win32
		{9AEB17A4-8CD7-48C3-A4B5-0E5A42883726}.Debug|x86.Build.0 = Debug|Win32
		{9AEB17A4-8CD7-48C3-A4B5-0E5A42883726}.Release|x64.ActiveCfg = Release|x64
		{9AEB17A4-8CD7-48C3-A4B5-0E5A42883726}.Release|x64.Build.0 = Release|x64
		{9AEB17A4-8CD7-48C3-A4B5-0E5A42883726}.Release|x86.ActiveCfg = Release|Win32
		{9AEB17A4-8CD7-48C3-A4B5-0E5A42883726}.Release|x86.Build.0 = Release|Win32
		{4BAFC71A-1540-4E34-8C3E-F355DCF06031}.Debug|x64.ActiveCfg = Debug|x64
		{4BAFC71A-1540-4E34-8C3E-F355DCF06031}.Debug|x64.Build.0 = Debug|x64
		{4BAFC71A-1540-4E34-8C3E-F355DCF06031}.Debug|x86.ActiveCfg = Debug|Win32
		{4BAFC71A-1540-4E34-8C3E-F355DCF06031}.Debug|x86.Build.0 = Debug|Win32
		{4BAFC71A-1540-4E34-8C3E-F355DCF06031}.Release|x64.ActiveCfg = Release|x64
		{4BAFC71A-1540-4E34-8C3E-F355DCF06031}.Release|x64.Build.0 = Release|x64
		{4BAFC71A-1540-4E34-8C3E-F355DCF06031}.Release|x86.ActiveCfg = Release|Win32
		{4BAFC71A-1540-4E34-8C3E-F355DCF06031}.Release|x86.Build.0 = Release|Win32
		{62743AB4-E32C-4604-A873-6908818CF102}.Debug|x64.ActiveCfg = Debug|x64
		{62743AB4-E32C-4604-A873-6908818CF102}.Debug|x64.Build.0 = Debug|x64
		{62743AB4-E32C-4604-A873-6908818CF102}.Debug|x86.ActiveCfg = Debug|Win32
		{62743AB4-E32C-4604-A873-6908818CF102}.Debug|x86.Build.0 = Debug|Win32
		{62743AB4-E32C-4604-A873-6908818CF102}.Release|x64.ActiveCfg = Release|x64
		{62743AB4-E32C-4604-A873-6908818CF102}.Release|x64.Build.0 = Release|x64
		{62743AB4-E32C-4604-A873-6908818CF102}.Release|x86.ActiveCfg = Release|Win32
		{62743AB4-E32C-4604-A873-6908818CF102}.Release|x86.Build.0 = Release|Win32
		{E3C16BDB-03CB-48E4-BCBD-D085E52549C0}.Debug|x64.ActiveCfg = Debug|x64
		{E3C16BDB-03CB-48E4-BCBD-D085E52549C0}.Debug|x64.Build.0 = Debug|x64
		{E3C16BDB-03CB-48E4-BCBD-D085E52549C0}.Debug|x86.ActiveCfg = Debug|Win32
		{E3C16BDB-03CB-48E4-BCBD-D085E52549C0}.Debug|x86.Build.0 = Debug|Win32
		{E3C16BDB-03CB-48E4-BCBD-D085E52549C0}.Release|x64.ActiveCfg = Release|x64
		{E3C16BDB-03CB-48E4-BCBD-D085E52549C0}.Release|x64.Build.0 = Release|x64
		{E3C16BDB-03CB-48E4-BCBD-D085E52549C0}.Release|x86.ActiveCfg = Release|Win32
		{E3C16BDB-03CB-48E4-BCBD-D085E52549C0}.Release|x86.Build.0 = Release|Win32
		{8D2CB24F-B3E2-4AF2-B564-70BF6F55BFB2}.Debug|x64.ActiveCfg = Debug|x64
		{8D2CB24F-B3E2-4AF2-B564-70BF6F55BFB2}.Debug|x64.Build.0 = Debug|x64
		{8D2CB24F-B3E2-4AF2-B564-70BF6F55BFB2}.Debug|x86.ActiveCfg = Debug|Win32
		{8D2CB24F-B3E2-4AF2-B564-70BF6F55BFB2}.Debug|x86.Build.0 = Debug|Win32
		{8D2CB24F-B3E2-4AF2-B564-70BF6F55BFB2}.Release|x64.ActiveCfg = Release|x64
		{8D2CB24F-B3E2-4AF2-B564-70BF6F55BFB2}.Release|x64.Build.0 = Release|x64
		{8D2CB24F-B3E2-4AF2-B564-70BF6F55BFB2}.Release|x86.ActiveCfg = Release|Win32
		{8D2CB24F-B3E2-4AF2-B564-70BF6F55BFB2}.Release|x86.Build.0 = Release|Win32
	EndGlobalSection
	GlobalSection(SolutionProperties) = preSolution
		HideSolutionNode = FALSE
	EndGlobalSection
	GlobalSection(NestedProjects) = preSolution
		{25E002CF-31A7-4723-A589-F9EDC56A4C25} = {89725EDB-E648-4215-8587-7907CBBBB634}
		{D21C45F6-6478-4882-9887-1EC32914961C} = {25E002CF-31A7-4723-A589-F9EDC56A4C25}
		{E36AC26A-C215-45A0-BE3A-BA0C4539E13B} = {25E002CF-31A7-4723-A589-F9EDC56A4C25}
		{5B72AF78-E27D-481E-9356-D8F74384DCC4} = {89725EDB-E648-4215-8587-7907CBBBB634}
		{9AEB17A4-8CD7-48C3-A4B5-0E5A42883726} = {5B72AF78-E27D-481E-9356-D8F74384DCC4}
		{4BAFC71A-1540-4E34-8C3E-F355DCF06031} = {5B72AF78-E27D-481E-9356-D8F74384DCC4}
		{776050F2-E70E-4653-BB03-ACEEA0515CB7} = {89725EDB-E648-4215-8587-7907CBBBB634}
		{62743AB4-E32C-4604-A873-6908818CF102} = {776050F2-E70E-4653-BB03-ACEEA0515CB7}
		{E3C16BDB-03CB-48E4-BCBD-D085E52549C0} = {5B72AF78-E27D-481E-9356-D8F74384DCC4}
		{F50CC3AA-1AC1-46D8-B1D0-02D2EE35A8C7} = {89725EDB-E648-4215-8587-7907CBBBB634}
		{A2E840C1-9E13-42DA-9BC3-640BD6C14136} = {89725EDB-E648-4215-8587-7907CBBBB634}
		{8D2CB24F-B3E2-4AF2-B564-70BF6F55BFB2} = {A2E840C1-9E13-42DA-9BC3-640BD6C14136}
	EndGlobalSection
	GlobalSection(ExtensibilityGlobals) = postSolution
		SolutionGuid = {5FE9AD44-B65E-42A6-81BC-DD7B6CD4A36B}
	EndGlobalSection
EndGlobal
